// !$*UTF8*$!
{
	archiveVersion = 1;
	classes = {
	};
	objectVersion = 56;
	objects = {

/* Begin PBXBuildFile section */
		90DCED252C96848C001C0805 /* SwiftUI_Sample_HapticFeedbackApp.swift in Sources */ = {isa = PBXBuildFile; fileRef = 90DCED242C96848C001C0805 /* SwiftUI_Sample_HapticFeedbackApp.swift */; };
		90DCED272C96848C001C0805 /* ContentView.swift in Sources */ = {isa = PBXBuildFile; fileRef = 90DCED262C96848C001C0805 /* ContentView.swift */; };
		90DCED292C96848D001C0805 /* Assets.xcassets in Resources */ = {isa = PBXBuildFile; fileRef = 90DCED282C96848D001C0805 /* Assets.xcassets */; };
		90DCED2C2C96848D001C0805 /* Preview Assets.xcassets in Resources */ = {isa = PBXBuildFile; fileRef = 90DCED2B2C96848D001C0805 /* Preview Assets.xcassets */; };
		90DCED362C96848D001C0805 /* SwiftUI_Sample_HapticFeedbackTests.swift in Sources */ = {isa = PBXBuildFile; fileRef = 90DCED352C96848D001C0805 /* SwiftUI_Sample_HapticFeedbackTests.swift */; };
		90DCED402C96848D001C0805 /* SwiftUI_Sample_HapticFeedbackUITests.swift in Sources */ = {isa = PBXBuildFile; fileRef = 90DCED3F2C96848D001C0805 /* SwiftUI_Sample_HapticFeedbackUITests.swift */; };
		90DCED422C96848D001C0805 /* SwiftUI_Sample_HapticFeedbackUITestsLaunchTests.swift in Sources */ = {isa = PBXBuildFile; fileRef = 90DCED412C96848D001C0805 /* SwiftUI_Sample_HapticFeedbackUITestsLaunchTests.swift */; };
		90DCED4F2C972002001C0805 /* HapticFeedbackSampleListView.swift in Sources */ = {isa = PBXBuildFile; fileRef = 90DCED4E2C972002001C0805 /* HapticFeedbackSampleListView.swift */; };
		90DCED512C972093001C0805 /* GoodButtonSampleView.swift in Sources */ = {isa = PBXBuildFile; fileRef = 90DCED502C972093001C0805 /* GoodButtonSampleView.swift */; };
/* End PBXBuildFile section */

/* Begin PBXContainerItemProxy section */
		90DCED322C96848D001C0805 /* PBXContainerItemProxy */ = {
			isa = PBXContainerItemProxy;
			containerPortal = 90DCED192C96848C001C0805 /* Project object */;
			proxyType = 1;
			remoteGlobalIDString = 90DCED202C96848C001C0805;
			remoteInfo = "SwiftUI-Sample-HapticFeedback";
		};
		90DCED3C2C96848D001C0805 /* PBXContainerItemProxy */ = {
			isa = PBXContainerItemProxy;
			containerPortal = 90DCED192C96848C001C0805 /* Project object */;
			proxyType = 1;
			remoteGlobalIDString = 90DCED202C96848C001C0805;
			remoteInfo = "SwiftUI-Sample-HapticFeedback";
		};
/* End PBXContainerItemProxy section */

/* Begin PBXFileReference section */
		90DCED212C96848C001C0805 /* SwiftUI-Sample-HapticFeedback.app */ = {isa = PBXFileReference; explicitFileType = wrapper.application; includeInIndex = 0; path = "SwiftUI-Sample-HapticFeedback.app"; sourceTree = BUILT_PRODUCTS_DIR; };
		90DCED242C96848C001C0805 /* SwiftUI_Sample_HapticFeedbackApp.swift */ = {isa = PBXFileReference; lastKnownFileType = sourcecode.swift; path = SwiftUI_Sample_HapticFeedbackApp.swift; sourceTree = "<group>"; };
		90DCED262C96848C001C0805 /* ContentView.swift */ = {isa = PBXFileReference; lastKnownFileType = sourcecode.swift; path = ContentView.swift; sourceTree = "<group>"; };
		90DCED282C96848D001C0805 /* Assets.xcassets */ = {isa = PBXFileReference; lastKnownFileType = folder.assetcatalog; path = Assets.xcassets; sourceTree = "<group>"; };
		90DCED2B2C96848D001C0805 /* Preview Assets.xcassets */ = {isa = PBXFileReference; lastKnownFileType = folder.assetcatalog; path = "Preview Assets.xcassets"; sourceTree = "<group>"; };
		90DCED312C96848D001C0805 /* SwiftUI-Sample-HapticFeedbackTests.xctest */ = {isa = PBXFileReference; explicitFileType = wrapper.cfbundle; includeInIndex = 0; path = "SwiftUI-Sample-HapticFeedbackTests.xctest"; sourceTree = BUILT_PRODUCTS_DIR; };
		90DCED352C96848D001C0805 /* SwiftUI_Sample_HapticFeedbackTests.swift */ = {isa = PBXFileReference; lastKnownFileType = sourcecode.swift; path = SwiftUI_Sample_HapticFeedbackTests.swift; sourceTree = "<group>"; };
		90DCED3B2C96848D001C0805 /* SwiftUI-Sample-HapticFeedbackUITests.xctest */ = {isa = PBXFileReference; explicitFileType = wrapper.cfbundle; includeInIndex = 0; path = "SwiftUI-Sample-HapticFeedbackUITests.xctest"; sourceTree = BUILT_PRODUCTS_DIR; };
		90DCED3F2C96848D001C0805 /* SwiftUI_Sample_HapticFeedbackUITests.swift */ = {isa = PBXFileReference; lastKnownFileType = sourcecode.swift; path = SwiftUI_Sample_HapticFeedbackUITests.swift; sourceTree = "<group>"; };
		90DCED412C96848D001C0805 /* SwiftUI_Sample_HapticFeedbackUITestsLaunchTests.swift */ = {isa = PBXFileReference; lastKnownFileType = sourcecode.swift; path = SwiftUI_Sample_HapticFeedbackUITestsLaunchTests.swift; sourceTree = "<group>"; };
		90DCED4E2C972002001C0805 /* HapticFeedbackSampleListView.swift */ = {isa = PBXFileReference; lastKnownFileType = sourcecode.swift; path = HapticFeedbackSampleListView.swift; sourceTree = "<group>"; };
		90DCED502C972093001C0805 /* GoodButtonSampleView.swift */ = {isa = PBXFileReference; lastKnownFileType = sourcecode.swift; path = GoodButtonSampleView.swift; sourceTree = "<group>"; };
/* End PBXFileReference section */

/* Begin PBXFrameworksBuildPhase section */
		90DCED1E2C96848C001C0805 /* Frameworks */ = {
			isa = PBXFrameworksBuildPhase;
			buildActionMask = 2147483647;
			files = (
			);
			runOnlyForDeploymentPostprocessing = 0;
		};
		90DCED2E2C96848D001C0805 /* Frameworks */ = {
			isa = PBXFrameworksBuildPhase;
			buildActionMask = 2147483647;
			files = (
			);
			runOnlyForDeploymentPostprocessing = 0;
		};
		90DCED382C96848D001C0805 /* Frameworks */ = {
			isa = PBXFrameworksBuildPhase;
			buildActionMask = 2147483647;
			files = (
			);
			runOnlyForDeploymentPostprocessing = 0;
		};
/* End PBXFrameworksBuildPhase section */

/* Begin PBXGroup section */
		90DCED182C96848C001C0805 = {
			isa = PBXGroup;
			children = (
				90DCED232C96848C001C0805 /* SwiftUI-Sample-HapticFeedback */,
				90DCED342C96848D001C0805 /* SwiftUI-Sample-HapticFeedbackTests */,
				90DCED3E2C96848D001C0805 /* SwiftUI-Sample-HapticFeedbackUITests */,
				90DCED222C96848C001C0805 /* Products */,
			);
			sourceTree = "<group>";
		};
		90DCED222C96848C001C0805 /* Products */ = {
			isa = PBXGroup;
			children = (
				90DCED212C96848C001C0805 /* SwiftUI-Sample-HapticFeedback.app */,
				90DCED312C96848D001C0805 /* SwiftUI-Sample-HapticFeedbackTests.xctest */,
				90DCED3B2C96848D001C0805 /* SwiftUI-Sample-HapticFeedbackUITests.xctest */,
			);
			name = Products;
			sourceTree = "<group>";
		};
		90DCED232C96848C001C0805 /* SwiftUI-Sample-HapticFeedback */ = {
			isa = PBXGroup;
			children = (
				90DCED242C96848C001C0805 /* SwiftUI_Sample_HapticFeedbackApp.swift */,
				90DCED262C96848C001C0805 /* ContentView.swift */,
				90DCED4E2C972002001C0805 /* HapticFeedbackSampleListView.swift */,
				90DCED502C972093001C0805 /* GoodButtonSampleView.swift */,
				90DCED282C96848D001C0805 /* Assets.xcassets */,
				90DCED2A2C96848D001C0805 /* Preview Content */,
			);
			path = "SwiftUI-Sample-HapticFeedback";
			sourceTree = "<group>";
		};
		90DCED2A2C96848D001C0805 /* Preview Content */ = {
			isa = PBXGroup;
			children = (
				90DCED2B2C96848D001C0805 /* Preview Assets.xcassets */,
			);
			path = "Preview Content";
			sourceTree = "<group>";
		};
		90DCED342C96848D001C0805 /* SwiftUI-Sample-HapticFeedbackTests */ = {
			isa = PBXGroup;
			children = (
				90DCED352C96848D001C0805 /* SwiftUI_Sample_HapticFeedbackTests.swift */,
			);
			path = "SwiftUI-Sample-HapticFeedbackTests";
			sourceTree = "<group>";
		};
		90DCED3E2C96848D001C0805 /* SwiftUI-Sample-HapticFeedbackUITests */ = {
			isa = PBXGroup;
			children = (
				90DCED3F2C96848D001C0805 /* SwiftUI_Sample_HapticFeedbackUITests.swift */,
				90DCED412C96848D001C0805 /* SwiftUI_Sample_HapticFeedbackUITestsLaunchTests.swift */,
			);
			path = "SwiftUI-Sample-HapticFeedbackUITests";
			sourceTree = "<group>";
		};
/* End PBXGroup section */

/* Begin PBXNativeTarget section */
		90DCED202C96848C001C0805 /* SwiftUI-Sample-HapticFeedback */ = {
			isa = PBXNativeTarget;
			buildConfigurationList = 90DCED452C96848D001C0805 /* Build configuration list for PBXNativeTarget "SwiftUI-Sample-HapticFeedback" */;
			buildPhases = (
				90DCED1D2C96848C001C0805 /* Sources */,
				90DCED1E2C96848C001C0805 /* Frameworks */,
				90DCED1F2C96848C001C0805 /* Resources */,
			);
			buildRules = (
			);
			dependencies = (
			);
			name = "SwiftUI-Sample-HapticFeedback";
			productName = "SwiftUI-Sample-HapticFeedback";
			productReference = 90DCED212C96848C001C0805 /* SwiftUI-Sample-HapticFeedback.app */;
			productType = "com.apple.product-type.application";
		};
		90DCED302C96848D001C0805 /* SwiftUI-Sample-HapticFeedbackTests */ = {
			isa = PBXNativeTarget;
			buildConfigurationList = 90DCED482C96848D001C0805 /* Build configuration list for PBXNativeTarget "SwiftUI-Sample-HapticFeedbackTests" */;
			buildPhases = (
				90DCED2D2C96848D001C0805 /* Sources */,
				90DCED2E2C96848D001C0805 /* Frameworks */,
				90DCED2F2C96848D001C0805 /* Resources */,
			);
			buildRules = (
			);
			dependencies = (
				90DCED332C96848D001C0805 /* PBXTargetDependency */,
			);
			name = "SwiftUI-Sample-HapticFeedbackTests";
			productName = "SwiftUI-Sample-HapticFeedbackTests";
			productReference = 90DCED312C96848D001C0805 /* SwiftUI-Sample-HapticFeedbackTests.xctest */;
			productType = "com.apple.product-type.bundle.unit-test";
		};
		90DCED3A2C96848D001C0805 /* SwiftUI-Sample-HapticFeedbackUITests */ = {
			isa = PBXNativeTarget;
			buildConfigurationList = 90DCED4B2C96848D001C0805 /* Build configuration list for PBXNativeTarget "SwiftUI-Sample-HapticFeedbackUITests" */;
			buildPhases = (
				90DCED372C96848D001C0805 /* Sources */,
				90DCED382C96848D001C0805 /* Frameworks */,
				90DCED392C96848D001C0805 /* Resources */,
			);
			buildRules = (
			);
			dependencies = (
				90DCED3D2C96848D001C0805 /* PBXTargetDependency */,
			);
			name = "SwiftUI-Sample-HapticFeedbackUITests";
			productName = "SwiftUI-Sample-HapticFeedbackUITests";
			productReference = 90DCED3B2C96848D001C0805 /* SwiftUI-Sample-HapticFeedbackUITests.xctest */;
			productType = "com.apple.product-type.bundle.ui-testing";
		};
/* End PBXNativeTarget section */

/* Begin PBXProject section */
		90DCED192C96848C001C0805 /* Project object */ = {
			isa = PBXProject;
			attributes = {
				BuildIndependentTargetsInParallel = 1;
				LastSwiftUpdateCheck = 1540;
				LastUpgradeCheck = 1540;
				TargetAttributes = {
					90DCED202C96848C001C0805 = {
						CreatedOnToolsVersion = 15.4;
					};
					90DCED302C96848D001C0805 = {
						CreatedOnToolsVersion = 15.4;
						TestTargetID = 90DCED202C96848C001C0805;
					};
					90DCED3A2C96848D001C0805 = {
						CreatedOnToolsVersion = 15.4;
						TestTargetID = 90DCED202C96848C001C0805;
					};
				};
			};
			buildConfigurationList = 90DCED1C2C96848C001C0805 /* Build configuration list for PBXProject "SwiftUI-Sample-HapticFeedback" */;
			compatibilityVersion = "Xcode 14.0";
			developmentRegion = en;
			hasScannedForEncodings = 0;
			knownRegions = (
				en,
				Base,
			);
			mainGroup = 90DCED182C96848C001C0805;
			productRefGroup = 90DCED222C96848C001C0805 /* Products */;
			projectDirPath = "";
			projectRoot = "";
			targets = (
				90DCED202C96848C001C0805 /* SwiftUI-Sample-HapticFeedback */,
				90DCED302C96848D001C0805 /* SwiftUI-Sample-HapticFeedbackTests */,
				90DCED3A2C96848D001C0805 /* SwiftUI-Sample-HapticFeedbackUITests */,
			);
		};
/* End PBXProject section */

/* Begin PBXResourcesBuildPhase section */
		90DCED1F2C96848C001C0805 /* Resources */ = {
			isa = PBXResourcesBuildPhase;
			buildActionMask = 2147483647;
			files = (
				90DCED2C2C96848D001C0805 /* Preview Assets.xcassets in Resources */,
				90DCED292C96848D001C0805 /* Assets.xcassets in Resources */,
			);
			runOnlyForDeploymentPostprocessing = 0;
		};
		90DCED2F2C96848D001C0805 /* Resources */ = {
			isa = PBXResourcesBuildPhase;
			buildActionMask = 2147483647;
			files = (
			);
			runOnlyForDeploymentPostprocessing = 0;
		};
		90DCED392C96848D001C0805 /* Resources */ = {
			isa = PBXResourcesBuildPhase;
			buildActionMask = 2147483647;
			files = (
			);
			runOnlyForDeploymentPostprocessing = 0;
		};
/* End PBXResourcesBuildPhase section */

/* Begin PBXSourcesBuildPhase section */
		90DCED1D2C96848C001C0805 /* Sources */ = {
			isa = PBXSourcesBuildPhase;
			buildActionMask = 2147483647;
			files = (
				90DCED272C96848C001C0805 /* ContentView.swift in Sources */,
				90DCED4F2C972002001C0805 /* HapticFeedbackSampleListView.swift in Sources */,
				90DCED252C96848C001C0805 /* SwiftUI_Sample_HapticFeedbackApp.swift in Sources */,
				90DCED512C972093001C0805 /* GoodButtonSampleView.swift in Sources */,
			);
			runOnlyForDeploymentPostprocessing = 0;
		};
		90DCED2D2C96848D001C0805 /* Sources */ = {
			isa = PBXSourcesBuildPhase;
			buildActionMask = 2147483647;
			files = (
				90DCED362C96848D001C0805 /* SwiftUI_Sample_HapticFeedbackTests.swift in Sources */,
			);
			runOnlyForDeploymentPostprocessing = 0;
		};
		90DCED372C96848D001C0805 /* Sources */ = {
			isa = PBXSourcesBuildPhase;
			buildActionMask = 2147483647;
			files = (
				90DCED422C96848D001C0805 /* SwiftUI_Sample_HapticFeedbackUITestsLaunchTests.swift in Sources */,
				90DCED402C96848D001C0805 /* SwiftUI_Sample_HapticFeedbackUITests.swift in Sources */,
			);
			runOnlyForDeploymentPostprocessing = 0;
		};
/* End PBXSourcesBuildPhase section */

/* Begin PBXTargetDependency section */
		90DCED332C96848D001C0805 /* PBXTargetDependency */ = {
			isa = PBXTargetDependency;
			target = 90DCED202C96848C001C0805 /* SwiftUI-Sample-HapticFeedback */;
			targetProxy = 90DCED322C96848D001C0805 /* PBXContainerItemProxy */;
		};
		90DCED3D2C96848D001C0805 /* PBXTargetDependency */ = {
			isa = PBXTargetDependency;
			target = 90DCED202C96848C001C0805 /* SwiftUI-Sample-HapticFeedback */;
			targetProxy = 90DCED3C2C96848D001C0805 /* PBXContainerItemProxy */;
		};
/* End PBXTargetDependency section */

/* Begin XCBuildConfiguration section */
		90DCED432C96848D001C0805 /* Debug */ = {
			isa = XCBuildConfiguration;
			buildSettings = {
				ALWAYS_SEARCH_USER_PATHS = NO;
				ASSETCATALOG_COMPILER_GENERATE_SWIFT_ASSET_SYMBOL_EXTENSIONS = YES;
				CLANG_ANALYZER_NONNULL = YES;
				CLANG_ANALYZER_NUMBER_OBJECT_CONVERSION = YES_AGGRESSIVE;
				CLANG_CXX_LANGUAGE_STANDARD = "gnu++20";
				CLANG_ENABLE_MODULES = YES;
				CLANG_ENABLE_OBJC_ARC = YES;
				CLANG_ENABLE_OBJC_WEAK = YES;
				CLANG_WARN_BLOCK_CAPTURE_AUTORELEASING = YES;
				CLANG_WARN_BOOL_CONVERSION = YES;
				CLANG_WARN_COMMA = YES;
				CLANG_WARN_CONSTANT_CONVERSION = YES;
				CLANG_WARN_DEPRECATED_OBJC_IMPLEMENTATIONS = YES;
				CLANG_WARN_DIRECT_OBJC_ISA_USAGE = YES_ERROR;
				CLANG_WARN_DOCUMENTATION_COMMENTS = YES;
				CLANG_WARN_EMPTY_BODY = YES;
				CLANG_WARN_ENUM_CONVERSION = YES;
				CLANG_WARN_INFINITE_RECURSION = YES;
				CLANG_WARN_INT_CONVERSION = YES;
				CLANG_WARN_NON_LITERAL_NULL_CONVERSION = YES;
				CLANG_WARN_OBJC_IMPLICIT_RETAIN_SELF = YES;
				CLANG_WARN_OBJC_LITERAL_CONVERSION = YES;
				CLANG_WARN_OBJC_ROOT_CLASS = YES_ERROR;
				CLANG_WARN_QUOTED_INCLUDE_IN_FRAMEWORK_HEADER = YES;
				CLANG_WARN_RANGE_LOOP_ANALYSIS = YES;
				CLANG_WARN_STRICT_PROTOTYPES = YES;
				CLANG_WARN_SUSPICIOUS_MOVE = YES;
				CLANG_WARN_UNGUARDED_AVAILABILITY = YES_AGGRESSIVE;
				CLANG_WARN_UNREACHABLE_CODE = YES;
				CLANG_WARN__DUPLICATE_METHOD_MATCH = YES;
				COPY_PHASE_STRIP = NO;
				DEBUG_INFORMATION_FORMAT = dwarf;
				ENABLE_STRICT_OBJC_MSGSEND = YES;
				ENABLE_TESTABILITY = YES;
				ENABLE_USER_SCRIPT_SANDBOXING = YES;
				GCC_C_LANGUAGE_STANDARD = gnu17;
				GCC_DYNAMIC_NO_PIC = NO;
				GCC_NO_COMMON_BLOCKS = YES;
				GCC_OPTIMIZATION_LEVEL = 0;
				GCC_PREPROCESSOR_DEFINITIONS = (
					"DEBUG=1",
					"$(inherited)",
				);
				GCC_WARN_64_TO_32_BIT_CONVERSION = YES;
				GCC_WARN_ABOUT_RETURN_TYPE = YES_ERROR;
				GCC_WARN_UNDECLARED_SELECTOR = YES;
				GCC_WARN_UNINITIALIZED_AUTOS = YES_AGGRESSIVE;
				GCC_WARN_UNUSED_FUNCTION = YES;
				GCC_WARN_UNUSED_VARIABLE = YES;
				IPHONEOS_DEPLOYMENT_TARGET = 17.5;
				LOCALIZATION_PREFERS_STRING_CATALOGS = YES;
				MTL_ENABLE_DEBUG_INFO = INCLUDE_SOURCE;
				MTL_FAST_MATH = YES;
				ONLY_ACTIVE_ARCH = YES;
				SDKROOT = iphoneos;
				SWIFT_ACTIVE_COMPILATION_CONDITIONS = "DEBUG $(inherited)";
				SWIFT_OPTIMIZATION_LEVEL = "-Onone";
			};
			name = Debug;
		};
		90DCED442C96848D001C0805 /* Release */ = {
			isa = XCBuildConfiguration;
			buildSettings = {
				ALWAYS_SEARCH_USER_PATHS = NO;
				ASSETCATALOG_COMPILER_GENERATE_SWIFT_ASSET_SYMBOL_EXTENSIONS = YES;
				CLANG_ANALYZER_NONNULL = YES;
				CLANG_ANALYZER_NUMBER_OBJECT_CONVERSION = YES_AGGRESSIVE;
				CLANG_CXX_LANGUAGE_STANDARD = "gnu++20";
				CLANG_ENABLE_MODULES = YES;
				CLANG_ENABLE_OBJC_ARC = YES;
				CLANG_ENABLE_OBJC_WEAK = YES;
				CLANG_WARN_BLOCK_CAPTURE_AUTORELEASING = YES;
				CLANG_WARN_BOOL_CONVERSION = YES;
				CLANG_WARN_COMMA = YES;
				CLANG_WARN_CONSTANT_CONVERSION = YES;
				CLANG_WARN_DEPRECATED_OBJC_IMPLEMENTATIONS = YES;
				CLANG_WARN_DIRECT_OBJC_ISA_USAGE = YES_ERROR;
				CLANG_WARN_DOCUMENTATION_COMMENTS = YES;
				CLANG_WARN_EMPTY_BODY = YES;
				CLANG_WARN_ENUM_CONVERSION = YES;
				CLANG_WARN_INFINITE_RECURSION = YES;
				CLANG_WARN_INT_CONVERSION = YES;
				CLANG_WARN_NON_LITERAL_NULL_CONVERSION = YES;
				CLANG_WARN_OBJC_IMPLICIT_RETAIN_SELF = YES;
				CLANG_WARN_OBJC_LITERAL_CONVERSION = YES;
				CLANG_WARN_OBJC_ROOT_CLASS = YES_ERROR;
				CLANG_WARN_QUOTED_INCLUDE_IN_FRAMEWORK_HEADER = YES;
				CLANG_WARN_RANGE_LOOP_ANALYSIS = YES;
				CLANG_WARN_STRICT_PROTOTYPES = YES;
				CLANG_WARN_SUSPICIOUS_MOVE = YES;
				CLANG_WARN_UNGUARDED_AVAILABILITY = YES_AGGRESSIVE;
				CLANG_WARN_UNREACHABLE_CODE = YES;
				CLANG_WARN__DUPLICATE_METHOD_MATCH = YES;
				COPY_PHASE_STRIP = NO;
				DEBUG_INFORMATION_FORMAT = "dwarf-with-dsym";
				ENABLE_NS_ASSERTIONS = NO;
				ENABLE_STRICT_OBJC_MSGSEND = YES;
				ENABLE_USER_SCRIPT_SANDBOXING = YES;
				GCC_C_LANGUAGE_STANDARD = gnu17;
				GCC_NO_COMMON_BLOCKS = YES;
				GCC_WARN_64_TO_32_BIT_CONVERSION = YES;
				GCC_WARN_ABOUT_RETURN_TYPE = YES_ERROR;
				GCC_WARN_UNDECLARED_SELECTOR = YES;
				GCC_WARN_UNINITIALIZED_AUTOS = YES_AGGRESSIVE;
				GCC_WARN_UNUSED_FUNCTION = YES;
				GCC_WARN_UNUSED_VARIABLE = YES;
				IPHONEOS_DEPLOYMENT_TARGET = 17.5;
				LOCALIZATION_PREFERS_STRING_CATALOGS = YES;
				MTL_ENABLE_DEBUG_INFO = NO;
				MTL_FAST_MATH = YES;
				SDKROOT = iphoneos;
				SWIFT_COMPILATION_MODE = wholemodule;
				VALIDATE_PRODUCT = YES;
			};
			name = Release;
		};
		90DCED462C96848D001C0805 /* Debug */ = {
			isa = XCBuildConfiguration;
			buildSettings = {
				ASSETCATALOG_COMPILER_APPICON_NAME = AppIcon;
				ASSETCATALOG_COMPILER_GLOBAL_ACCENT_COLOR_NAME = AccentColor;
				CODE_SIGN_STYLE = Automatic;
				CURRENT_PROJECT_VERSION = 1;
				DEVELOPMENT_ASSET_PATHS = "\"SwiftUI-Sample-HapticFeedback/Preview Content\"";
				ENABLE_PREVIEWS = YES;
				GENERATE_INFOPLIST_FILE = YES;
				INFOPLIST_KEY_UIApplicationSceneManifest_Generation = YES;
				INFOPLIST_KEY_UIApplicationSupportsIndirectInputEvents = YES;
				INFOPLIST_KEY_UILaunchScreen_Generation = YES;
				INFOPLIST_KEY_UISupportedInterfaceOrientations_iPad = "UIInterfaceOrientationPortrait UIInterfaceOrientationPortraitUpsideDown UIInterfaceOrientationLandscapeLeft UIInterfaceOrientationLandscapeRight";
				INFOPLIST_KEY_UISupportedInterfaceOrientations_iPhone = "UIInterfaceOrientationPortrait UIInterfaceOrientationLandscapeLeft UIInterfaceOrientationLandscapeRight";
				LD_RUNPATH_SEARCH_PATHS = (
					"$(inherited)",
					"@executable_path/Frameworks",
				);
				MARKETING_VERSION = 1.0;
				PRODUCT_BUNDLE_IDENTIFIER = "com.nanbantaro.SwiftUI-Sample-HapticFeedback";
				PRODUCT_NAME = "$(TARGET_NAME)";
				SWIFT_EMIT_LOC_STRINGS = YES;
				SWIFT_VERSION = 5.0;
				TARGETED_DEVICE_FAMILY = "1,2";
			};
			name = Debug;
		};
		90DCED472C96848D001C0805 /* Release */ = {
			isa = XCBuildConfiguration;
			buildSettings = {
				ASSETCATALOG_COMPILER_APPICON_NAME = AppIcon;
				ASSETCATALOG_COMPILER_GLOBAL_ACCENT_COLOR_NAME = AccentColor;
				CODE_SIGN_STYLE = Automatic;
				CURRENT_PROJECT_VERSION = 1;
				DEVELOPMENT_ASSET_PATHS = "\"SwiftUI-Sample-HapticFeedback/Preview Content\"";
				ENABLE_PREVIEWS = YES;
				GENERATE_INFOPLIST_FILE = YES;
				INFOPLIST_KEY_UIApplicationSceneManifest_Generation = YES;
				INFOPLIST_KEY_UIApplicationSupportsIndirectInputEvents = YES;
				INFOPLIST_KEY_UILaunchScreen_Generation = YES;
				INFOPLIST_KEY_UISupportedInterfaceOrientations_iPad = "UIInterfaceOrientationPortrait UIInterfaceOrientationPortraitUpsideDown UIInterfaceOrientationLandscapeLeft UIInterfaceOrientationLandscapeRight";
				INFOPLIST_KEY_UISupportedInterfaceOrientations_iPhone = "UIInterfaceOrientationPortrait UIInterfaceOrientationLandscapeLeft UIInterfaceOrientationLandscapeRight";
				LD_RUNPATH_SEARCH_PATHS = (
					"$(inherited)",
					"@executable_path/Frameworks",
				);
				MARKETING_VERSION = 1.0;
				PRODUCT_BUNDLE_IDENTIFIER = "com.nanbantaro.SwiftUI-Sample-HapticFeedback";
				PRODUCT_NAME = "$(TARGET_NAME)";
				SWIFT_EMIT_LOC_STRINGS = YES;
				SWIFT_VERSION = 5.0;
				TARGETED_DEVICE_FAMILY = "1,2";
			};
			name = Release;
		};
		90DCED492C96848D001C0805 /* Debug */ = {
			isa = XCBuildConfiguration;
			buildSettings = {
				ALWAYS_EMBED_SWIFT_STANDARD_LIBRARIES = YES;
				BUNDLE_LOADER = "$(TEST_HOST)";
				CODE_SIGN_STYLE = Automatic;
				CURRENT_PROJECT_VERSION = 1;
				GENERATE_INFOPLIST_FILE = YES;
				IPHONEOS_DEPLOYMENT_TARGET = 17.5;
				MARKETING_VERSION = 1.0;
				PRODUCT_BUNDLE_IDENTIFIER = "com.nanbantaro.SwiftUI-Sample-HapticFeedbackTests";
				PRODUCT_NAME = "$(TARGET_NAME)";
				SWIFT_EMIT_LOC_STRINGS = NO;
				SWIFT_VERSION = 5.0;
				TARGETED_DEVICE_FAMILY = "1,2";
				TEST_HOST = "$(BUILT_PRODUCTS_DIR)/SwiftUI-Sample-HapticFeedback.app/$(BUNDLE_EXECUTABLE_FOLDER_PATH)/SwiftUI-Sample-HapticFeedback";
			};
			name = Debug;
		};
		90DCED4A2C96848D001C0805 /* Release */ = {
			isa = XCBuildConfiguration;
			buildSettings = {
				ALWAYS_EMBED_SWIFT_STANDARD_LIBRARIES = YES;
				BUNDLE_LOADER = "$(TEST_HOST)";
				CODE_SIGN_STYLE = Automatic;
				CURRENT_PROJECT_VERSION = 1;
				GENERATE_INFOPLIST_FILE = YES;
				IPHONEOS_DEPLOYMENT_TARGET = 17.5;
				MARKETING_VERSION = 1.0;
				PRODUCT_BUNDLE_IDENTIFIER = "com.nanbantaro.SwiftUI-Sample-HapticFeedbackTests";
				PRODUCT_NAME = "$(TARGET_NAME)";
				SWIFT_EMIT_LOC_STRINGS = NO;
				SWIFT_VERSION = 5.0;
				TARGETED_DEVICE_FAMILY = "1,2";
				TEST_HOST = "$(BUILT_PRODUCTS_DIR)/SwiftUI-Sample-HapticFeedback.app/$(BUNDLE_EXECUTABLE_FOLDER_PATH)/SwiftUI-Sample-HapticFeedback";
			};
			name = Release;
		};
		90DCED4C2C96848D001C0805 /* Debug */ = {
			isa = XCBuildConfiguration;
			buildSettings = {
				ALWAYS_EMBED_SWIFT_STANDARD_LIBRARIES = YES;
				CODE_SIGN_STYLE = Automatic;
				CURRENT_PROJECT_VERSION = 1;
				GENERATE_INFOPLIST_FILE = YES;
				MARKETING_VERSION = 1.0;
				PRODUCT_BUNDLE_IDENTIFIER = "com.nanbantaro.SwiftUI-Sample-HapticFeedbackUITests";
				PRODUCT_NAME = "$(TARGET_NAME)";
				SWIFT_EMIT_LOC_STRINGS = NO;
				SWIFT_VERSION = 5.0;
				TARGETED_DEVICE_FAMILY = "1,2";
				TEST_TARGET_NAME = "SwiftUI-Sample-HapticFeedback";
			};
			name = Debug;
		};
		90DCED4D2C96848D001C0805 /* Release */ = {
			isa = XCBuildConfiguration;
			buildSettings = {
				ALWAYS_EMBED_SWIFT_STANDARD_LIBRARIES = YES;
				CODE_SIGN_STYLE = Automatic;
				CURRENT_PROJECT_VERSION = 1;
				GENERATE_INFOPLIST_FILE = YES;
				MARKETING_VERSION = 1.0;
				PRODUCT_BUNDLE_IDENTIFIER = "com.nanbantaro.SwiftUI-Sample-HapticFeedbackUITests";
				PRODUCT_NAME = "$(TARGET_NAME)";
				SWIFT_EMIT_LOC_STRINGS = NO;
				SWIFT_VERSION = 5.0;
				TARGETED_DEVICE_FAMILY = "1,2";
				TEST_TARGET_NAME = "SwiftUI-Sample-HapticFeedback";
			};
			name = Release;
		};
/* End XCBuildConfiguration section */

/* Begin XCConfigurationList section */
		90DCED1C2C96848C001C0805 /* Build configuration list for PBXProject "SwiftUI-Sample-HapticFeedback" */ = {
			isa = XCConfigurationList;
			buildConfigurations = (
				90DCED432C96848D001C0805 /* Debug */,
				90DCED442C96848D001C0805 /* Release */,
			);
			defaultConfigurationIsVisible = 0;
			defaultConfigurationName = Release;
		};
		90DCED452C96848D001C0805 /* Build configuration list for PBXNativeTarget "SwiftUI-Sample-HapticFeedback" */ = {
			isa = XCConfigurationList;
			buildConfigurations = (
				90DCED462C96848D001C0805 /* Debug */,
				90DCED472C96848D001C0805 /* Release */,
			);
			defaultConfigurationIsVisible = 0;
			defaultConfigurationName = Release;
		};
		90DCED482C96848D001C0805 /* Build configuration list for PBXNativeTarget "SwiftUI-Sample-HapticFeedbackTests" */ = {
			isa = XCConfigurationList;
			buildConfigurations = (
				90DCED492C96848D001C0805 /* Debug */,
				90DCED4A2C96848D001C0805 /* Release */,
			);
			defaultConfigurationIsVisible = 0;
			defaultConfigurationName = Release;
		};
		90DCED4B2C96848D001C0805 /* Build configuration list for PBXNativeTarget "SwiftUI-Sample-HapticFeedbackUITests" */ = {
			isa = XCConfigurationList;
			buildConfigurations = (
				90DCED4C2C96848D001C0805 /* Debug */,
				90DCED4D2C96848D001C0805 /* Release */,
			);
			defaultConfigurationIsVisible = 0;
			defaultConfigurationName = Release;
		};
/* End XCConfigurationList section */
	};
	rootObject = 90DCED192C96848C001C0805 /* Project object */;
}
